
Microsoft Visual Studio Solution File, Format Version 12.00
# Visual Studio Version 18
VisualStudioVersion = 18.5.11709.299 stable
MinimumVisualStudioVersion = 10.0.40219.1
Project("{FAE04EC0-301F-11D3-BF4B-00C04F79EFBC}") = "Sondor.HttpClient", "Sondor.HttpClient\Sondor.HttpClient.csproj", "{AA13FD2E-0CF6-53B4-678B-1879D87E0B94}"
EndProject
Project("{FAE04EC0-301F-11D3-BF4B-00C04F79EFBC}") = "Sondor.HttpClient.Tests", "Sondor.HttpClient.Tests\Sondor.HttpClient.Tests.csproj", "{C6CFECE5-6CC4-E6A9-30C8-35CCA992C6B6}"
EndProject
Project("{2150E333-8FDC-42A3-9474-1A3956D46DE8}") = "DevOps", "DevOps", "{57003A9F-80BD-42AB-8484-9BA7AF468C0A}"
	ProjectSection(SolutionItems) = preProject
		..\azure-pipelines.yml = ..\azure-pipelines.yml
		..\README.md = ..\README.md
	EndProjectSection
EndProject
Global
	GlobalSection(SolutionConfigurationPlatforms) = preSolution
		Debug|Any CPU = Debug|Any CPU
		Release|Any CPU = Release|Any CPU
	EndGlobalSection
	GlobalSection(ProjectConfigurationPlatforms) = postSolution
		{AA13FD2E-0CF6-53B4-678B-1879D87E0B94}.Debug|Any CPU.ActiveCfg = Debug|Any CPU
		{AA13FD2E-0CF6-53B4-678B-1879D87E0B94}.Debug|Any CPU.Build.0 = Debug|Any CPU
		{AA13FD2E-0CF6-53B4-678B-1879D87E0B94}.Release|Any CPU.ActiveCfg = Release|Any CPU
		{AA13FD2E-0CF6-53B4-678B-1879D87E0B94}.Release|Any CPU.Build.0 = Release|Any CPU
		{C6CFECE5-6CC4-E6A9-30C8-35CCA992C6B6}.Debug|Any CPU.ActiveCfg = Debug|Any CPU
		{C6CFECE5-6CC4-E6A9-30C8-35CCA992C6B6}.Debug|Any CPU.Build.0 = Debug|Any CPU
		{C6CFECE5-6CC4-E6A9-30C8-35CCA992C6B6}.Release|Any CPU.ActiveCfg = Release|Any CPU
		{C6CFECE5-6CC4-E6A9-30C8-35CCA992C6B6}.Release|Any CPU.Build.0 = Release|Any CPU
	EndGlobalSection
	GlobalSection(SolutionProperties) = preSolution
		HideSolutionNode = FALSE
	EndGlobalSection
	GlobalSection(ExtensibilityGlobals) = postSolution
		SolutionGuid = {DCF68652-0C3D-4C8E-BA36-759D13DB0980}
	EndGlobalSection
EndGlobal
